<?xml version="1.0" encoding="utf-8"?>
<Project ToolsVersion="4.0" xmlns="http://schemas.microsoft.com/developer/msbuild/2003">
  <ItemGroup>
    <Filter Include="Source Files">
      <UniqueIdentifier>{4FC737F1-C7A5-4376-A066-2A32D752A2FF}</UniqueIdentifier>
      <Extensions>cpp;c;cc;cxx;c++;cppm;ixx;def;odl;idl;hpj;bat;asm;asmx</Extensions>
    </Filter>
    <Filter Include="Header Files">
      <UniqueIdentifier>{93995380-89BD-4b04-88EB-625FBE52EBFB}</UniqueIdentifier>
      <Extensions>h;hh;hpp;hxx;h++;hm;inl;inc;ipp;xsd</Extensions>
    </Filter>
    <Filter Include="Documentation">
      <UniqueIdentifier>{31209ec6-ce57-43f5-acd5-5a772811a7cf}</UniqueIdentifier>
    </Filter>
  </ItemGroup>
  <ItemGroup>
    <ClCompile Include="main.cpp">
      <Filter>Source Files</Filter>
    </ClCompile>
    <ClCompile Include="Configuration.cpp">
      <Filter>Source Files</Filter>
    </ClCompile>
    <ClCompile Include="TimeoutSerial.cpp">
      <Filter>Source Files</Filter>
    </ClCompile>
    <ClCompile Include="ArduinoTest.cpp">
      <Filter>Source Files</Filter>
    </ClCompile>
    <ClCompile Include="Live.cpp">
      <Filter>Source Files</Filter>
    </ClCompile>
    <ClCompile Include="LEDHandling.cpp">
      <Filter>Source Files</Filter>
    </ClCompile>
    <ClCompile Include="MatrixHandling.cpp">
      <Filter>Source Files</Filter>
    </ClCompile>
    <ClCompile Include="Switcher.cpp">
      <Filter>Source Files</Filter>
    </ClCompile>
    <ClCompile Include="BMDSwitcherAPI_i.c">
      <Filter>Source Files</Filter>
    </ClCompile>
    <ClCompile Include="ButtonHandling.cpp">
      <Filter>Source Files</Filter>
    </ClCompile>
    <ClCompile Include="Buffer.cpp">
      <Filter>Source Files</Filter>
    </ClCompile>
    <ClCompile Include="Mapping.cpp">
      <Filter>Source Files</Filter>
    </ClCompile>
    <ClCompile Include="SerialHandler.cpp">
      <Filter>Source Files</Filter>
    </ClCompile>
    <ClCompile Include="Fader.cpp">
      <Filter>Source Files</Filter>
    </ClCompile>
    <ClCompile Include="FaderHandling.cpp">
      <Filter>Source Files</Filter>
    </ClCompile>
  </ItemGroup>
  <ItemGroup>
    <Text Include="arduino_test.cfg" />
    <Text Include="atem_test.cfg" />
    <Text Include="live.cfg" />
    <Text Include="Review.txt" />
    <Text Include="led_blocks.txt">
      <Filter>Documentation</Filter>
    </Text>
  </ItemGroup>
  <ItemGroup>
    <ClInclude Include="Configuration.h">
      <Filter>Header Files</Filter>
    </ClInclude>
    <ClInclude Include="TimeoutSerial.h">
      <Filter>Header Files</Filter>
    </ClInclude>
    <ClInclude Include="Live.h">
      <Filter>Header Files</Filter>
    </ClInclude>
    <ClInclude Include="LEDHandling.h">
      <Filter>Header Files</Filter>
    </ClInclude>
    <ClInclude Include="MatrixHandling.h">
      <Filter>Header Files</Filter>
    </ClInclude>
    <ClInclude Include="Switcher.h">
      <Filter>Header Files</Filter>
    </ClInclude>
    <ClInclude Include="AtemTest.h">
      <Filter>Header Files</Filter>
    </ClInclude>
    <ClInclude Include="BMDSwitcherAPI_h.h">
      <Filter>Header Files</Filter>
    </ClInclude>
    <ClInclude Include="ButtonHandling.h">
      <Filter>Header Files</Filter>
    </ClInclude>
    <ClInclude Include="Buffer.h">
      <Filter>Header Files</Filter>
    </ClInclude>
    <ClInclude Include="Mapping.h">
      <Filter>Header Files</Filter>
    </ClInclude>
    <ClInclude Include="SerialHandler.h">
      <Filter>Header Files</Filter>
    </ClInclude>
    <ClInclude Include="Fader.h">
      <Filter>Header Files</Filter>
    </ClInclude>
    <ClInclude Include="FaderHandling.h">
      <Filter>Header Files</Filter>
    </ClInclude>
  </ItemGroup>
  <ItemGroup>
    <Midl Include="BMDSwitcherAPI.idl">
      <Filter>Source Files</Filter>
    </Midl>
  </ItemGroup>
  <ItemGroup>
    <Image Include="Documentation\PCB_partition.jpg">
      <Filter>Documentation</Filter>
    </Image>
    <Image Include="Documentation\Buttons.jpg">
      <Filter>Documentation</Filter>
    </Image>
    <Image Include="Documentation\LEDs.jpg">
      <Filter>Documentation</Filter>
    </Image>
  </ItemGroup>
</Project>